
Microsoft Visual Studio Solution File, Format Version 12.00
Project("{FAE04EC0-301F-11D3-BF4B-00C04F79EFBC}") = "MealPlanner.Web", "MealPlanner.Web\MealPlanner.Web.csproj", "{9D8CBD54-B208-4708-B06C-12187FADD39A}"
EndProject
Project("{2150E333-8FDC-42A3-9474-1A3956D46DE8}") = "Solution Items", "Solution Items", "{65CF09B9-F559-49E3-ABDA-F6A4C38ABAA2}"
	ProjectSection(SolutionItems) = preProject
		compose.yaml = compose.yaml
	EndProjectSection
EndProject
Project("{FAE04EC0-301F-11D3-BF4B-00C04F79EFBC}") = "MealPlanner.Models", "MealPlanner.Models\MealPlanner.Models.csproj", "{92EFAA00-2F30-48E0-9CE3-BEFD29090381}"
EndProject
Project("{FAE04EC0-301F-11D3-BF4B-00C04F79EFBC}") = "MealPlanner.Data", "MealPlanner.Data\MealPlanner.Data.csproj", "{49D95745-F524-4BC8-8A5F-1C4678878277}"
EndProject
Global
	GlobalSection(SolutionConfigurationPlatforms) = preSolution
		Debug|Any CPU = Debug|Any CPU
		Release|Any CPU = Release|Any CPU
	EndGlobalSection
	GlobalSection(ProjectConfigurationPlatforms) = postSolution
		{9D8CBD54-B208-4708-B06C-12187FADD39A}.Debug|Any CPU.ActiveCfg = Debug|Any CPU
		{9D8CBD54-B208-4708-B06C-12187FADD39A}.Debug|Any CPU.Build.0 = Debug|Any CPU
		{9D8CBD54-B208-4708-B06C-12187FADD39A}.Release|Any CPU.ActiveCfg = Release|Any CPU
		{9D8CBD54-B208-4708-B06C-12187FADD39A}.Release|Any CPU.Build.0 = Release|Any CPU
		{92EFAA00-2F30-48E0-9CE3-BEFD29090381}.Debug|Any CPU.ActiveCfg = Debug|Any CPU
		{92EFAA00-2F30-48E0-9CE3-BEFD29090381}.Debug|Any CPU.Build.0 = Debug|Any CPU
		{92EFAA00-2F30-48E0-9CE3-BEFD29090381}.Release|Any CPU.ActiveCfg = Release|Any CPU
		{92EFAA00-2F30-48E0-9CE3-BEFD29090381}.Release|Any CPU.Build.0 = Release|Any CPU
		{49D95745-F524-4BC8-8A5F-1C4678878277}.Debug|Any CPU.ActiveCfg = Debug|Any CPU
		{49D95745-F524-4BC8-8A5F-1C4678878277}.Debug|Any CPU.Build.0 = Debug|Any CPU
		{49D95745-F524-4BC8-8A5F-1C4678878277}.Release|Any CPU.ActiveCfg = Release|Any CPU
		{49D95745-F524-4BC8-8A5F-1C4678878277}.Release|Any CPU.Build.0 = Release|Any CPU
	EndGlobalSection
EndGlobal
